
Microsoft Visual Studio Solution File, Format Version 12.00
# Visual Studio Version 17
VisualStudioVersion = 17.1.32228.430
MinimumVisualStudioVersion = 10.0.40219.1
Project("{9A19103F-16F7-4668-BE54-9A1E7A4F7556}") = "KeyholeSoftware.AAfDSignalR.IntegrationEngine.API", "KeyholeSoftware.AAfDSignalR.IntegrationEngine.API\KeyholeSoftware.AAfDSignalR.IntegrationEngine.API.csproj", "{612E16F4-BA01-4DB4-96A6-1291F50BD851}"
EndProject
Project("{2150E333-8FDC-42A3-9474-1A3956D46DE8}") = "Solution Items", "Solution Items", "{A16EA207-71FB-43B8-A426-B715AAD9C153}"
	ProjectSection(SolutionItems) = preProject
		Dockerfile = Dockerfile
	EndProjectSection
EndProject
Project("{2150E333-8FDC-42A3-9474-1A3956D46DE8}") = ".github", ".github", "{3598A24F-8BD9-4D0B-9628-0E94B0668610}"
EndProject
Project("{2150E333-8FDC-42A3-9474-1A3956D46DE8}") = "workflows", "workflows", "{A73DBC21-5CE7-4DFC-8F9A-2C2D14F86FC8}"
	ProjectSection(SolutionItems) = preProject
		.github\workflows\main.yml = .github\workflows\main.yml
	EndProjectSection
EndProject
Global
	GlobalSection(SolutionConfigurationPlatforms) = preSolution
		Debug|Any CPU = Debug|Any CPU
		Release|Any CPU = Release|Any CPU
	EndGlobalSection
	GlobalSection(ProjectConfigurationPlatforms) = postSolution
		{612E16F4-BA01-4DB4-96A6-1291F50BD851}.Debug|Any CPU.ActiveCfg = Debug|Any CPU
		{612E16F4-BA01-4DB4-96A6-1291F50BD851}.Debug|Any CPU.Build.0 = Debug|Any CPU
		{612E16F4-BA01-4DB4-96A6-1291F50BD851}.Release|Any CPU.ActiveCfg = Release|Any CPU
		{612E16F4-BA01-4DB4-96A6-1291F50BD851}.Release|Any CPU.Build.0 = Release|Any CPU
	EndGlobalSection
	GlobalSection(SolutionProperties) = preSolution
		HideSolutionNode = FALSE
	EndGlobalSection
	GlobalSection(NestedProjects) = preSolution
		{A73DBC21-5CE7-4DFC-8F9A-2C2D14F86FC8} = {3598A24F-8BD9-4D0B-9628-0E94B0668610}
	EndGlobalSection
	GlobalSection(ExtensibilityGlobals) = postSolution
		SolutionGuid = {1E86E9D5-201A-40A0-8273-82644E8FBFCB}
	EndGlobalSection
EndGlobal
